
Microsoft Visual Studio Solution File, Format Version 12.00
# Visual Studio Version 16
VisualStudioVersion = 16.0.29403.142
MinimumVisualStudioVersion = 10.0.40219.1
Project("{FAE04EC0-301F-11D3-BF4B-00C04F79EFBC}") = "Wskazniki_3", "Wskazniki_3\Wskazniki_3.csproj", "{866E4A8C-F249-4BBA-BD1A-256AF6C675AF}"
EndProject
Global
	GlobalSection(SolutionConfigurationPlatforms) = preSolution
		Debug|Any CPU = Debug|Any CPU
		Release|Any CPU = Release|Any CPU
	EndGlobalSection
	GlobalSection(ProjectConfigurationPlatforms) = postSolution
		{866E4A8C-F249-4BBA-BD1A-256AF6C675AF}.Debug|Any CPU.ActiveCfg = Debug|Any CPU
		{866E4A8C-F249-4BBA-BD1A-256AF6C675AF}.Debug|Any CPU.Build.0 = Debug|Any CPU
		{866E4A8C-F249-4BBA-BD1A-256AF6C675AF}.Release|Any CPU.ActiveCfg = Release|Any CPU
		{866E4A8C-F249-4BBA-BD1A-256AF6C675AF}.Release|Any CPU.Build.0 = Release|Any CPU
	EndGlobalSection
	GlobalSection(SolutionProperties) = preSolution
		HideSolutionNode = FALSE
	EndGlobalSection
	GlobalSection(ExtensibilityGlobals) = postSolution
		SolutionGuid = {325AF8D6-90ED-4D0F-BBDC-20698146B103}
	EndGlobalSection
EndGlobal
