
Microsoft Visual Studio Solution File, Format Version 12.00
# Visual Studio 15
VisualStudioVersion = 15.0.28010.2026
MinimumVisualStudioVersion = 10.0.40219.1
Project("{FAE04EC0-301F-11D3-BF4B-00C04F79EFBC}") = "2_literacja_for", "2_literacja_for\2_literacja_for.csproj", "{B55A4AD3-9D2C-4628-819D-81F3EBD9B163}"
EndProject
Global
	GlobalSection(SolutionConfigurationPlatforms) = preSolution
		Debug|Any CPU = Debug|Any CPU
		Release|Any CPU = Release|Any CPU
	EndGlobalSection
	GlobalSection(ProjectConfigurationPlatforms) = postSolution
		{B55A4AD3-9D2C-4628-819D-81F3EBD9B163}.Debug|Any CPU.ActiveCfg = Debug|Any CPU
		{B55A4AD3-9D2C-4628-819D-81F3EBD9B163}.Debug|Any CPU.Build.0 = Debug|Any CPU
		{B55A4AD3-9D2C-4628-819D-81F3EBD9B163}.Release|Any CPU.ActiveCfg = Release|Any CPU
		{B55A4AD3-9D2C-4628-819D-81F3EBD9B163}.Release|Any CPU.Build.0 = Release|Any CPU
	EndGlobalSection
	GlobalSection(SolutionProperties) = preSolution
		HideSolutionNode = FALSE
	EndGlobalSection
	GlobalSection(ExtensibilityGlobals) = postSolution
		SolutionGuid = {743BE2C0-0A6C-49F9-BBCA-62B63B22758C}
	EndGlobalSection
EndGlobal
