
Microsoft Visual Studio Solution File, Format Version 12.00
# Visual Studio Version 16
VisualStudioVersion = 16.0.29403.142
MinimumVisualStudioVersion = 10.0.40219.1
Project("{FAE04EC0-301F-11D3-BF4B-00C04F79EFBC}") = "wskazniki_2", "wskazniki_2\wskazniki_2.csproj", "{08E74507-F9EE-475F-89CA-9DAF3E6090E1}"
EndProject
Global
	GlobalSection(SolutionConfigurationPlatforms) = preSolution
		Debug|Any CPU = Debug|Any CPU
		Release|Any CPU = Release|Any CPU
	EndGlobalSection
	GlobalSection(ProjectConfigurationPlatforms) = postSolution
		{08E74507-F9EE-475F-89CA-9DAF3E6090E1}.Debug|Any CPU.ActiveCfg = Debug|Any CPU
		{08E74507-F9EE-475F-89CA-9DAF3E6090E1}.Debug|Any CPU.Build.0 = Debug|Any CPU
		{08E74507-F9EE-475F-89CA-9DAF3E6090E1}.Release|Any CPU.ActiveCfg = Release|Any CPU
		{08E74507-F9EE-475F-89CA-9DAF3E6090E1}.Release|Any CPU.Build.0 = Release|Any CPU
	EndGlobalSection
	GlobalSection(SolutionProperties) = preSolution
		HideSolutionNode = FALSE
	EndGlobalSection
	GlobalSection(ExtensibilityGlobals) = postSolution
		SolutionGuid = {582D7B40-B3CD-4142-9522-C4DC2F6C789F}
	EndGlobalSection
EndGlobal
