
Microsoft Visual Studio Solution File, Format Version 12.00
# Visual Studio Version 16
VisualStudioVersion = 16.0.29403.142
MinimumVisualStudioVersion = 10.0.40219.1
Project("{FAE04EC0-301F-11D3-BF4B-00C04F79EFBC}") = "Funkcje1", "Funkcje1\Funkcje1.csproj", "{E19DAC4F-906C-45B2-BA50-16133BEE0304}"
EndProject
Global
	GlobalSection(SolutionConfigurationPlatforms) = preSolution
		Debug|Any CPU = Debug|Any CPU
		Release|Any CPU = Release|Any CPU
	EndGlobalSection
	GlobalSection(ProjectConfigurationPlatforms) = postSolution
		{E19DAC4F-906C-45B2-BA50-16133BEE0304}.Debug|Any CPU.ActiveCfg = Debug|Any CPU
		{E19DAC4F-906C-45B2-BA50-16133BEE0304}.Debug|Any CPU.Build.0 = Debug|Any CPU
		{E19DAC4F-906C-45B2-BA50-16133BEE0304}.Release|Any CPU.ActiveCfg = Release|Any CPU
		{E19DAC4F-906C-45B2-BA50-16133BEE0304}.Release|Any CPU.Build.0 = Release|Any CPU
	EndGlobalSection
	GlobalSection(SolutionProperties) = preSolution
		HideSolutionNode = FALSE
	EndGlobalSection
	GlobalSection(ExtensibilityGlobals) = postSolution
		SolutionGuid = {C83C24A9-64E8-4D33-A59B-B27BBBD1C85D}
	EndGlobalSection
EndGlobal
