
Microsoft Visual Studio Solution File, Format Version 12.00
# Visual Studio Version 16
VisualStudioVersion = 16.0.29403.142
MinimumVisualStudioVersion = 10.0.40219.1
Project("{FAE04EC0-301F-11D3-BF4B-00C04F79EFBC}") = "kolko_i_kryszyk", "kolko_i_kryszyk\kolko_i_kryszyk.csproj", "{60F4B677-7964-426A-AD80-22C1AB02A9BE}"
EndProject
Global
	GlobalSection(SolutionConfigurationPlatforms) = preSolution
		Debug|Any CPU = Debug|Any CPU
		Release|Any CPU = Release|Any CPU
	EndGlobalSection
	GlobalSection(ProjectConfigurationPlatforms) = postSolution
		{60F4B677-7964-426A-AD80-22C1AB02A9BE}.Debug|Any CPU.ActiveCfg = Debug|Any CPU
		{60F4B677-7964-426A-AD80-22C1AB02A9BE}.Debug|Any CPU.Build.0 = Debug|Any CPU
		{60F4B677-7964-426A-AD80-22C1AB02A9BE}.Release|Any CPU.ActiveCfg = Release|Any CPU
		{60F4B677-7964-426A-AD80-22C1AB02A9BE}.Release|Any CPU.Build.0 = Release|Any CPU
	EndGlobalSection
	GlobalSection(SolutionProperties) = preSolution
		HideSolutionNode = FALSE
	EndGlobalSection
	GlobalSection(ExtensibilityGlobals) = postSolution
		SolutionGuid = {A390B70E-FF7E-4E79-ACBC-ED3506E6E538}
	EndGlobalSection
EndGlobal
